
Microsoft Visual Studio Solution File, Format Version 12.00
# Visual Studio 15
VisualStudioVersion = 15.0.28307.1433
MinimumVisualStudioVersion = 10.0.40219.1
Project("{FAE04EC0-301F-11D3-BF4B-00C04F79EFBC}") = "Cookies", "Cookies\Cookies.csproj", "{186E66A6-5C81-4E56-8A67-0E5B3B36FF90}"
EndProject
Global
	GlobalSection(SolutionConfigurationPlatforms) = preSolution
		Debug|Any CPU = Debug|Any CPU
		Release|Any CPU = Release|Any CPU
	EndGlobalSection
	GlobalSection(ProjectConfigurationPlatforms) = postSolution
		{186E66A6-5C81-4E56-8A67-0E5B3B36FF90}.Debug|Any CPU.ActiveCfg = Debug|Any CPU
		{186E66A6-5C81-4E56-8A67-0E5B3B36FF90}.Debug|Any CPU.Build.0 = Debug|Any CPU
		{186E66A6-5C81-4E56-8A67-0E5B3B36FF90}.Release|Any CPU.ActiveCfg = Release|Any CPU
		{186E66A6-5C81-4E56-8A67-0E5B3B36FF90}.Release|Any CPU.Build.0 = Release|Any CPU
	EndGlobalSection
	GlobalSection(SolutionProperties) = preSolution
		HideSolutionNode = FALSE
	EndGlobalSection
	GlobalSection(ExtensibilityGlobals) = postSolution
		SolutionGuid = {29301D6B-48A4-4F4A-AB9E-C86D97E1DAC2}
	EndGlobalSection
EndGlobal
