
Microsoft Visual Studio Solution File, Format Version 12.00
# Visual Studio 15
VisualStudioVersion = 15.0.28307.1433
MinimumVisualStudioVersion = 10.0.40219.1
Project("{FAE04EC0-301F-11D3-BF4B-00C04F79EFBC}") = "TMS_Project", "TMS_Project\TMS_Project.csproj", "{4D5C4171-C425-4F10-A8E7-B39B32A09E04}"
EndProject
Global
	GlobalSection(SolutionConfigurationPlatforms) = preSolution
		Debug|Any CPU = Debug|Any CPU
		Release|Any CPU = Release|Any CPU
	EndGlobalSection
	GlobalSection(ProjectConfigurationPlatforms) = postSolution
		{4D5C4171-C425-4F10-A8E7-B39B32A09E04}.Debug|Any CPU.ActiveCfg = Debug|Any CPU
		{4D5C4171-C425-4F10-A8E7-B39B32A09E04}.Debug|Any CPU.Build.0 = Debug|Any CPU
		{4D5C4171-C425-4F10-A8E7-B39B32A09E04}.Release|Any CPU.ActiveCfg = Release|Any CPU
		{4D5C4171-C425-4F10-A8E7-B39B32A09E04}.Release|Any CPU.Build.0 = Release|Any CPU
	EndGlobalSection
	GlobalSection(SolutionProperties) = preSolution
		HideSolutionNode = FALSE
	EndGlobalSection
	GlobalSection(ExtensibilityGlobals) = postSolution
		SolutionGuid = {CB375ECC-94C3-4088-9173-7F0E6286C8B7}
	EndGlobalSection
EndGlobal
