
Microsoft Visual Studio Solution File, Format Version 12.00
# Visual Studio 15
VisualStudioVersion = 15.0.28307.1433
MinimumVisualStudioVersion = 10.0.40219.1
Project("{FAE04EC0-301F-11D3-BF4B-00C04F79EFBC}") = "Demo", "Demo\Demo.csproj", "{A303C169-E6CB-42B0-894D-0FBA08E0D066}"
EndProject
Global
	GlobalSection(SolutionConfigurationPlatforms) = preSolution
		Debug|Any CPU = Debug|Any CPU
		Release|Any CPU = Release|Any CPU
	EndGlobalSection
	GlobalSection(ProjectConfigurationPlatforms) = postSolution
		{A303C169-E6CB-42B0-894D-0FBA08E0D066}.Debug|Any CPU.ActiveCfg = Debug|Any CPU
		{A303C169-E6CB-42B0-894D-0FBA08E0D066}.Debug|Any CPU.Build.0 = Debug|Any CPU
		{A303C169-E6CB-42B0-894D-0FBA08E0D066}.Release|Any CPU.ActiveCfg = Release|Any CPU
		{A303C169-E6CB-42B0-894D-0FBA08E0D066}.Release|Any CPU.Build.0 = Release|Any CPU
	EndGlobalSection
	GlobalSection(SolutionProperties) = preSolution
		HideSolutionNode = FALSE
	EndGlobalSection
	GlobalSection(ExtensibilityGlobals) = postSolution
		SolutionGuid = {E107A66B-4D2E-414E-A8D6-FDD1C20EE5DA}
	EndGlobalSection
EndGlobal
